
Microsoft Visual Studio Solution File, Format Version 12.00
# Visual Studio 15
VisualStudioVersion = 15.0.26124.0
MinimumVisualStudioVersion = 15.0.26124.0
Project("{FAE04EC0-301F-11D3-BF4B-00C04F79EFBC}") = "DFC.Personalisation.CommonUI", "DFC.Personalisation.CommonUI\DFC.Personalisation.CommonUI.csproj", "{0F7000CE-587F-4F8B-9865-FB5AB53D827E}"
EndProject
Project("{FAE04EC0-301F-11D3-BF4B-00C04F79EFBC}") = "DFC.Personalisation.CommonUI.UnitTests", "DFC.Personalisation.CommonUI.UnitTests\DFC.Personalisation.CommonUI.UnitTests.csproj", "{4FE1F0FC-B4E8-4ECB-87B0-8D10DC7CF34B}"
EndProject
Global
	GlobalSection(SolutionConfigurationPlatforms) = preSolution
		Debug|Any CPU = Debug|Any CPU
		Debug|x64 = Debug|x64
		Debug|x86 = Debug|x86
		Release|Any CPU = Release|Any CPU
		Release|x64 = Release|x64
		Release|x86 = Release|x86
	EndGlobalSection
	GlobalSection(SolutionProperties) = preSolution
		HideSolutionNode = FALSE
	EndGlobalSection
	GlobalSection(ProjectConfigurationPlatforms) = postSolution
		{0F7000CE-587F-4F8B-9865-FB5AB53D827E}.Debug|Any CPU.ActiveCfg = Debug|Any CPU
		{0F7000CE-587F-4F8B-9865-FB5AB53D827E}.Debug|Any CPU.Build.0 = Debug|Any CPU
		{0F7000CE-587F-4F8B-9865-FB5AB53D827E}.Debug|x64.ActiveCfg = Debug|Any CPU
		{0F7000CE-587F-4F8B-9865-FB5AB53D827E}.Debug|x64.Build.0 = Debug|Any CPU
		{0F7000CE-587F-4F8B-9865-FB5AB53D827E}.Debug|x86.ActiveCfg = Debug|Any CPU
		{0F7000CE-587F-4F8B-9865-FB5AB53D827E}.Debug|x86.Build.0 = Debug|Any CPU
		{0F7000CE-587F-4F8B-9865-FB5AB53D827E}.Release|Any CPU.ActiveCfg = Release|Any CPU
		{0F7000CE-587F-4F8B-9865-FB5AB53D827E}.Release|Any CPU.Build.0 = Release|Any CPU
		{0F7000CE-587F-4F8B-9865-FB5AB53D827E}.Release|x64.ActiveCfg = Release|Any CPU
		{0F7000CE-587F-4F8B-9865-FB5AB53D827E}.Release|x64.Build.0 = Release|Any CPU
		{0F7000CE-587F-4F8B-9865-FB5AB53D827E}.Release|x86.ActiveCfg = Release|Any CPU
		{0F7000CE-587F-4F8B-9865-FB5AB53D827E}.Release|x86.Build.0 = Release|Any CPU
		{4FE1F0FC-B4E8-4ECB-87B0-8D10DC7CF34B}.Debug|Any CPU.ActiveCfg = Debug|Any CPU
		{4FE1F0FC-B4E8-4ECB-87B0-8D10DC7CF34B}.Debug|Any CPU.Build.0 = Debug|Any CPU
		{4FE1F0FC-B4E8-4ECB-87B0-8D10DC7CF34B}.Debug|x64.ActiveCfg = Debug|Any CPU
		{4FE1F0FC-B4E8-4ECB-87B0-8D10DC7CF34B}.Debug|x64.Build.0 = Debug|Any CPU
		{4FE1F0FC-B4E8-4ECB-87B0-8D10DC7CF34B}.Debug|x86.ActiveCfg = Debug|Any CPU
		{4FE1F0FC-B4E8-4ECB-87B0-8D10DC7CF34B}.Debug|x86.Build.0 = Debug|Any CPU
		{4FE1F0FC-B4E8-4ECB-87B0-8D10DC7CF34B}.Release|Any CPU.ActiveCfg = Release|Any CPU
		{4FE1F0FC-B4E8-4ECB-87B0-8D10DC7CF34B}.Release|Any CPU.Build.0 = Release|Any CPU
		{4FE1F0FC-B4E8-4ECB-87B0-8D10DC7CF34B}.Release|x64.ActiveCfg = Release|Any CPU
		{4FE1F0FC-B4E8-4ECB-87B0-8D10DC7CF34B}.Release|x64.Build.0 = Release|Any CPU
		{4FE1F0FC-B4E8-4ECB-87B0-8D10DC7CF34B}.Release|x86.ActiveCfg = Release|Any CPU
		{4FE1F0FC-B4E8-4ECB-87B0-8D10DC7CF34B}.Release|x86.Build.0 = Release|Any CPU
	EndGlobalSection
EndGlobal
