
Microsoft Visual Studio Solution File, Format Version 12.00
# Visual Studio Version 16
VisualStudioVersion = 16.0.29519.87
MinimumVisualStudioVersion = 15.0.26124.0
Project("{9A19103F-16F7-4668-BE54-9A1E7A4F7556}") = "DFC.Personalisation.CommonUI", "DFC.Personalisation.CommonUI\DFC.Personalisation.CommonUI.csproj", "{0F7000CE-587F-4F8B-9865-FB5AB53D827E}"
EndProject
Project("{9A19103F-16F7-4668-BE54-9A1E7A4F7556}") = "DFC.Personalisation.CommonUI.UnitTests", "DFC.Personalisation.CommonUI.UnitTests\DFC.Personalisation.CommonUI.UnitTests.csproj", "{4FE1F0FC-B4E8-4ECB-87B0-8D10DC7CF34B}"
EndProject
Project("{2150E333-8FDC-42A3-9474-1A3956D46DE8}") = "Solution Items", "Solution Items", "{1091EC7C-6A10-4EEF-BE45-0885308DC31E}"
	ProjectSection(SolutionItems) = preProject
		README.md = README.md
	EndProjectSection
EndProject
Project("{2150E333-8FDC-42A3-9474-1A3956D46DE8}") = "Src", "Src", "{95252BBC-AD5D-4528-BC6C-EFAD19ABEFFB}"
EndProject
Project("{2150E333-8FDC-42A3-9474-1A3956D46DE8}") = "Test", "Test", "{ECA9193C-8044-4AE8-867C-C8BFACA041C5}"
EndProject
Project("{9A19103F-16F7-4668-BE54-9A1E7A4F7556}") = "DFC.Personalisation.CommonUI.Documentation", "DFC.Personalisation.CommonUI.Documentation\DFC.Personalisation.CommonUI.Documentation.csproj", "{A9B9A693-55DC-4D49-A59B-6A0F46E1E24B}"
EndProject
Global
	GlobalSection(SolutionConfigurationPlatforms) = preSolution
		Debug|Any CPU = Debug|Any CPU
		Debug|x64 = Debug|x64
		Debug|x86 = Debug|x86
		Release|Any CPU = Release|Any CPU
		Release|x64 = Release|x64
		Release|x86 = Release|x86
	EndGlobalSection
	GlobalSection(ProjectConfigurationPlatforms) = postSolution
		{0F7000CE-587F-4F8B-9865-FB5AB53D827E}.Debug|Any CPU.ActiveCfg = Debug|Any CPU
		{0F7000CE-587F-4F8B-9865-FB5AB53D827E}.Debug|Any CPU.Build.0 = Debug|Any CPU
		{0F7000CE-587F-4F8B-9865-FB5AB53D827E}.Debug|x64.ActiveCfg = Debug|Any CPU
		{0F7000CE-587F-4F8B-9865-FB5AB53D827E}.Debug|x64.Build.0 = Debug|Any CPU
		{0F7000CE-587F-4F8B-9865-FB5AB53D827E}.Debug|x86.ActiveCfg = Debug|Any CPU
		{0F7000CE-587F-4F8B-9865-FB5AB53D827E}.Debug|x86.Build.0 = Debug|Any CPU
		{0F7000CE-587F-4F8B-9865-FB5AB53D827E}.Release|Any CPU.ActiveCfg = Release|Any CPU
		{0F7000CE-587F-4F8B-9865-FB5AB53D827E}.Release|Any CPU.Build.0 = Release|Any CPU
		{0F7000CE-587F-4F8B-9865-FB5AB53D827E}.Release|x64.ActiveCfg = Release|Any CPU
		{0F7000CE-587F-4F8B-9865-FB5AB53D827E}.Release|x64.Build.0 = Release|Any CPU
		{0F7000CE-587F-4F8B-9865-FB5AB53D827E}.Release|x86.ActiveCfg = Release|Any CPU
		{0F7000CE-587F-4F8B-9865-FB5AB53D827E}.Release|x86.Build.0 = Release|Any CPU
		{4FE1F0FC-B4E8-4ECB-87B0-8D10DC7CF34B}.Debug|Any CPU.ActiveCfg = Debug|Any CPU
		{4FE1F0FC-B4E8-4ECB-87B0-8D10DC7CF34B}.Debug|Any CPU.Build.0 = Debug|Any CPU
		{4FE1F0FC-B4E8-4ECB-87B0-8D10DC7CF34B}.Debug|x64.ActiveCfg = Debug|Any CPU
		{4FE1F0FC-B4E8-4ECB-87B0-8D10DC7CF34B}.Debug|x64.Build.0 = Debug|Any CPU
		{4FE1F0FC-B4E8-4ECB-87B0-8D10DC7CF34B}.Debug|x86.ActiveCfg = Debug|Any CPU
		{4FE1F0FC-B4E8-4ECB-87B0-8D10DC7CF34B}.Debug|x86.Build.0 = Debug|Any CPU
		{4FE1F0FC-B4E8-4ECB-87B0-8D10DC7CF34B}.Release|Any CPU.ActiveCfg = Release|Any CPU
		{4FE1F0FC-B4E8-4ECB-87B0-8D10DC7CF34B}.Release|Any CPU.Build.0 = Release|Any CPU
		{4FE1F0FC-B4E8-4ECB-87B0-8D10DC7CF34B}.Release|x64.ActiveCfg = Release|Any CPU
		{4FE1F0FC-B4E8-4ECB-87B0-8D10DC7CF34B}.Release|x64.Build.0 = Release|Any CPU
		{4FE1F0FC-B4E8-4ECB-87B0-8D10DC7CF34B}.Release|x86.ActiveCfg = Release|Any CPU
		{4FE1F0FC-B4E8-4ECB-87B0-8D10DC7CF34B}.Release|x86.Build.0 = Release|Any CPU
		{A9B9A693-55DC-4D49-A59B-6A0F46E1E24B}.Debug|Any CPU.ActiveCfg = Debug|Any CPU
		{A9B9A693-55DC-4D49-A59B-6A0F46E1E24B}.Debug|Any CPU.Build.0 = Debug|Any CPU
		{A9B9A693-55DC-4D49-A59B-6A0F46E1E24B}.Debug|x64.ActiveCfg = Debug|Any CPU
		{A9B9A693-55DC-4D49-A59B-6A0F46E1E24B}.Debug|x64.Build.0 = Debug|Any CPU
		{A9B9A693-55DC-4D49-A59B-6A0F46E1E24B}.Debug|x86.ActiveCfg = Debug|Any CPU
		{A9B9A693-55DC-4D49-A59B-6A0F46E1E24B}.Debug|x86.Build.0 = Debug|Any CPU
		{A9B9A693-55DC-4D49-A59B-6A0F46E1E24B}.Release|Any CPU.ActiveCfg = Release|Any CPU
		{A9B9A693-55DC-4D49-A59B-6A0F46E1E24B}.Release|Any CPU.Build.0 = Release|Any CPU
		{A9B9A693-55DC-4D49-A59B-6A0F46E1E24B}.Release|x64.ActiveCfg = Release|Any CPU
		{A9B9A693-55DC-4D49-A59B-6A0F46E1E24B}.Release|x64.Build.0 = Release|Any CPU
		{A9B9A693-55DC-4D49-A59B-6A0F46E1E24B}.Release|x86.ActiveCfg = Release|Any CPU
		{A9B9A693-55DC-4D49-A59B-6A0F46E1E24B}.Release|x86.Build.0 = Release|Any CPU
	EndGlobalSection
	GlobalSection(SolutionProperties) = preSolution
		HideSolutionNode = FALSE
	EndGlobalSection
	GlobalSection(NestedProjects) = preSolution
		{0F7000CE-587F-4F8B-9865-FB5AB53D827E} = {95252BBC-AD5D-4528-BC6C-EFAD19ABEFFB}
		{4FE1F0FC-B4E8-4ECB-87B0-8D10DC7CF34B} = {ECA9193C-8044-4AE8-867C-C8BFACA041C5}
		{A9B9A693-55DC-4D49-A59B-6A0F46E1E24B} = {95252BBC-AD5D-4528-BC6C-EFAD19ABEFFB}
	EndGlobalSection
	GlobalSection(ExtensibilityGlobals) = postSolution
		SolutionGuid = {ABF462C3-59EE-434E-B680-AB2023C6C2E3}
	EndGlobalSection
EndGlobal
